Microsoft Visual Studio Solution File, Format Version 12.00
# Visual Studio 15
VisualStudioVersion = 15.0.27130.2027
MinimumVisualStudioVersion = 10.0.40219.1
Project("{FAE04EC0-301F-11D3-BF4B-00C04F79EFBC}") = "Lemon App", "Lemon App\Lemon App.csproj", "{8525D43B-7055-4659-994E-C2A9933FC75F}"
EndProject
Project("{FAE04EC0-301F-11D3-BF4B-00C04F79EFBC}") = "LemonLibrary", "Lemon Library\LemonLibrary.csproj", "{9DC3DCAC-C7B4-41BA-BE54-6EAB5FE74FD1}"
EndProject
Global
	GlobalSection(SolutionConfigurationPlatforms) = preSolution
		Debug|Any CPU = Debug|Any CPU
		Release|Any CPU = Release|Any CPU
	EndGlobalSection
	GlobalSection(ProjectConfigurationPlatforms) = postSolution
		{8525D43B-7055-4659-994E-C2A9933FC75F}.Debug|Any CPU.ActiveCfg = Debug|Any CPU
		{8525D43B-7055-4659-994E-C2A9933FC75F}.Debug|Any CPU.Build.0 = Debug|Any CPU
		{8525D43B-7055-4659-994E-C2A9933FC75F}.Release|Any CPU.ActiveCfg = Release|Any CPU
		{8525D43B-7055-4659-994E-C2A9933FC75F}.Release|Any CPU.Build.0 = Release|Any CPU
		{9DC3DCAC-C7B4-41BA-BE54-6EAB5FE74FD1}.Debug|Any CPU.ActiveCfg = Debug|Any CPU
		{9DC3DCAC-C7B4-41BA-BE54-6EAB5FE74FD1}.Debug|Any CPU.Build.0 = Debug|Any CPU
		{9DC3DCAC-C7B4-41BA-BE54-6EAB5FE74FD1}.Release|Any CPU.ActiveCfg = Release|Any CPU
		{9DC3DCAC-C7B4-41BA-BE54-6EAB5FE74FD1}.Release|Any CPU.Build.0 = Release|Any CPU
	EndGlobalSection
	GlobalSection(SolutionProperties) = preSolution
		HideSolutionNode = FALSE
	EndGlobalSection
	GlobalSection(ExtensibilityGlobals) = postSolution
		SolutionGuid = {A099CBFF-3170-4856-A6F1-C408B117D976}
	EndGlobalSection
EndGlobal
