Microsoft Visual Studio Solution File, Format Version 12.00
# Visual Studio 15
VisualStudioVersion = 15.0.27130.2027
MinimumVisualStudioVersion = 10.0.40219.1
Project("{FAE04EC0-301F-11D3-BF4B-00C04F79EFBC}") = "Lemon App", "Lemon App\Lemon App.csproj", "{8525D43B-7055-4659-994E-C2A9933FC75F}"
EndProject
Project("{FAE04EC0-301F-11D3-BF4B-00C04F79EFBC}") = "LemonLibrary", "Lemon Library\LemonLibrary.csproj", "{9DC3DCAC-C7B4-41BA-BE54-6EAB5FE74FD1}"
EndProject
Project("{FAE04EC0-301F-11D3-BF4B-00C04F79EFBC}") = "CoconutApi", "CoconutApi\CoconutApi.csproj", "{59E9668D-A6A3-4AB5-9CB5-B036FEC317E6}"
EndProject
Project("{FAE04EC0-301F-11D3-BF4B-00C04F79EFBC}") = "MatchaPlayer", "MatchaPlayer\MatchaPlayer.csproj", "{CA8DD38D-14E2-4A95-85FD-D349989D5781}"
EndProject
Global
	GlobalSection(SolutionConfigurationPlatforms) = preSolution
		Debug|Any CPU = Debug|Any CPU
		Release|Any CPU = Release|Any CPU
	EndGlobalSection
	GlobalSection(ProjectConfigurationPlatforms) = postSolution
		{8525D43B-7055-4659-994E-C2A9933FC75F}.Debug|Any CPU.ActiveCfg = Debug|Any CPU
		{8525D43B-7055-4659-994E-C2A9933FC75F}.Debug|Any CPU.Build.0 = Debug|Any CPU
		{8525D43B-7055-4659-994E-C2A9933FC75F}.Release|Any CPU.ActiveCfg = Release|Any CPU
		{8525D43B-7055-4659-994E-C2A9933FC75F}.Release|Any CPU.Build.0 = Release|Any CPU
		{9DC3DCAC-C7B4-41BA-BE54-6EAB5FE74FD1}.Debug|Any CPU.ActiveCfg = Debug|Any CPU
		{9DC3DCAC-C7B4-41BA-BE54-6EAB5FE74FD1}.Debug|Any CPU.Build.0 = Debug|Any CPU
		{9DC3DCAC-C7B4-41BA-BE54-6EAB5FE74FD1}.Release|Any CPU.ActiveCfg = Release|Any CPU
		{9DC3DCAC-C7B4-41BA-BE54-6EAB5FE74FD1}.Release|Any CPU.Build.0 = Release|Any CPU
		{59E9668D-A6A3-4AB5-9CB5-B036FEC317E6}.Debug|Any CPU.ActiveCfg = Debug|Any CPU
		{59E9668D-A6A3-4AB5-9CB5-B036FEC317E6}.Debug|Any CPU.Build.0 = Debug|Any CPU
		{59E9668D-A6A3-4AB5-9CB5-B036FEC317E6}.Release|Any CPU.ActiveCfg = Release|Any CPU
		{59E9668D-A6A3-4AB5-9CB5-B036FEC317E6}.Release|Any CPU.Build.0 = Release|Any CPU
		{CA8DD38D-14E2-4A95-85FD-D349989D5781}.Debug|Any CPU.ActiveCfg = Debug|Any CPU
		{CA8DD38D-14E2-4A95-85FD-D349989D5781}.Debug|Any CPU.Build.0 = Debug|Any CPU
		{CA8DD38D-14E2-4A95-85FD-D349989D5781}.Release|Any CPU.ActiveCfg = Release|Any CPU
		{CA8DD38D-14E2-4A95-85FD-D349989D5781}.Release|Any CPU.Build.0 = Release|Any CPU
	EndGlobalSection
	GlobalSection(SolutionProperties) = preSolution
		HideSolutionNode = FALSE
	EndGlobalSection
	GlobalSection(ExtensibilityGlobals) = postSolution
		SolutionGuid = {A099CBFF-3170-4856-A6F1-C408B117D976}
	EndGlobalSection
EndGlobal
